<?xml version="1.0" encoding="utf-8"?>
<Project ToolsVersion="4.0" xmlns="http://schemas.microsoft.com/developer/msbuild/2003">
  <ItemGroup>
    <Filter Include="tests">
      <UniqueIdentifier>{C05AE7CB-C1C8-4999-B820-1BD5D57A1242}</UniqueIdentifier>
    </Filter>
    <Filter Include="mocks">
      <UniqueIdentifier>{B0FECD8D-DC89-4F37-A983-E389AB0BE553}</UniqueIdentifier>
    </Filter>
    <Filter Include="data">
      <UniqueIdentifier>{28DD9A82-06B6-444B-B420-712593E155FA}</UniqueIdentifier>
    </Filter>
  </ItemGroup>
  <ItemGroup>
    <ClCompile Include="tests\MagpieTest.cpp">
      <Filter>tests</Filter>
    </ClCompile>
  </ItemGroup>
</Project>